
Microsoft Visual Studio Solution File, Format Version 12.00
# Visual Studio Version 16
VisualStudioVersion = 16.0.30413.136
MinimumVisualStudioVersion = 10.0.40219.1
Project("{FAE04EC0-301F-11D3-BF4B-00C04F79EFBC}") = "TeacherStudent", "TeacherStudent.csproj", "{2DB9F081-D681-43A2-A29D-8058F7E5EE8E}"
EndProject
Global
	GlobalSection(SolutionConfigurationPlatforms) = preSolution
		Debug|Any CPU = Debug|Any CPU
		Release|Any CPU = Release|Any CPU
	EndGlobalSection
	GlobalSection(ProjectConfigurationPlatforms) = postSolution
		{2DB9F081-D681-43A2-A29D-8058F7E5EE8E}.Debug|Any CPU.ActiveCfg = Debug|Any CPU
		{2DB9F081-D681-43A2-A29D-8058F7E5EE8E}.Debug|Any CPU.Build.0 = Debug|Any CPU
		{2DB9F081-D681-43A2-A29D-8058F7E5EE8E}.Release|Any CPU.ActiveCfg = Release|Any CPU
		{2DB9F081-D681-43A2-A29D-8058F7E5EE8E}.Release|Any CPU.Build.0 = Release|Any CPU
	EndGlobalSection
	GlobalSection(SolutionProperties) = preSolution
		HideSolutionNode = FALSE
	EndGlobalSection
	GlobalSection(ExtensibilityGlobals) = postSolution
		SolutionGuid = {3FF9E028-1EB1-4199-BE95-556555BE12CB}
	EndGlobalSection
EndGlobal
