
Microsoft Visual Studio Solution File, Format Version 12.00
# Visual Studio Version 16
VisualStudioVersion = 16.0.30413.136
MinimumVisualStudioVersion = 10.0.40219.1
Project("{FAE04EC0-301F-11D3-BF4B-00C04F79EFBC}") = "BMI", "BMI.csproj", "{FA33A4E1-C96D-424D-8013-3F107E10284B}"
EndProject
Global
	GlobalSection(SolutionConfigurationPlatforms) = preSolution
		Debug|Any CPU = Debug|Any CPU
		Release|Any CPU = Release|Any CPU
	EndGlobalSection
	GlobalSection(ProjectConfigurationPlatforms) = postSolution
		{FA33A4E1-C96D-424D-8013-3F107E10284B}.Debug|Any CPU.ActiveCfg = Debug|Any CPU
		{FA33A4E1-C96D-424D-8013-3F107E10284B}.Debug|Any CPU.Build.0 = Debug|Any CPU
		{FA33A4E1-C96D-424D-8013-3F107E10284B}.Release|Any CPU.ActiveCfg = Release|Any CPU
		{FA33A4E1-C96D-424D-8013-3F107E10284B}.Release|Any CPU.Build.0 = Release|Any CPU
	EndGlobalSection
	GlobalSection(SolutionProperties) = preSolution
		HideSolutionNode = FALSE
	EndGlobalSection
	GlobalSection(ExtensibilityGlobals) = postSolution
		SolutionGuid = {084677A3-083C-4F3C-9ABC-CA08E0412874}
	EndGlobalSection
EndGlobal
