
Microsoft Visual Studio Solution File, Format Version 12.00
# Visual Studio Version 16
VisualStudioVersion = 16.0.30413.136
MinimumVisualStudioVersion = 10.0.40219.1
Project("{FAE04EC0-301F-11D3-BF4B-00C04F79EFBC}") = "WriteSingleLine", "WriteSingleLine.csproj", "{71AAF8B0-F26C-4918-98E1-FE693BED843F}"
EndProject
Global
	GlobalSection(SolutionConfigurationPlatforms) = preSolution
		Debug|Any CPU = Debug|Any CPU
		Release|Any CPU = Release|Any CPU
	EndGlobalSection
	GlobalSection(ProjectConfigurationPlatforms) = postSolution
		{71AAF8B0-F26C-4918-98E1-FE693BED843F}.Debug|Any CPU.ActiveCfg = Debug|Any CPU
		{71AAF8B0-F26C-4918-98E1-FE693BED843F}.Debug|Any CPU.Build.0 = Debug|Any CPU
		{71AAF8B0-F26C-4918-98E1-FE693BED843F}.Release|Any CPU.ActiveCfg = Release|Any CPU
		{71AAF8B0-F26C-4918-98E1-FE693BED843F}.Release|Any CPU.Build.0 = Release|Any CPU
	EndGlobalSection
	GlobalSection(SolutionProperties) = preSolution
		HideSolutionNode = FALSE
	EndGlobalSection
	GlobalSection(ExtensibilityGlobals) = postSolution
		SolutionGuid = {171E275D-05E5-4EE5-A203-FDC6FBE758C7}
	EndGlobalSection
EndGlobal
