
Microsoft Visual Studio Solution File, Format Version 12.00
# Visual Studio Version 16
VisualStudioVersion = 16.0.30413.136
MinimumVisualStudioVersion = 10.0.40219.1
Project("{FAE04EC0-301F-11D3-BF4B-00C04F79EFBC}") = "Swapnumb", "Swapnumb.csproj", "{A6D155A1-9F5F-484F-A748-06A547D9CD8F}"
EndProject
Global
	GlobalSection(SolutionConfigurationPlatforms) = preSolution
		Debug|Any CPU = Debug|Any CPU
		Release|Any CPU = Release|Any CPU
	EndGlobalSection
	GlobalSection(ProjectConfigurationPlatforms) = postSolution
		{A6D155A1-9F5F-484F-A748-06A547D9CD8F}.Debug|Any CPU.ActiveCfg = Debug|Any CPU
		{A6D155A1-9F5F-484F-A748-06A547D9CD8F}.Debug|Any CPU.Build.0 = Debug|Any CPU
		{A6D155A1-9F5F-484F-A748-06A547D9CD8F}.Release|Any CPU.ActiveCfg = Release|Any CPU
		{A6D155A1-9F5F-484F-A748-06A547D9CD8F}.Release|Any CPU.Build.0 = Release|Any CPU
	EndGlobalSection
	GlobalSection(SolutionProperties) = preSolution
		HideSolutionNode = FALSE
	EndGlobalSection
	GlobalSection(ExtensibilityGlobals) = postSolution
		SolutionGuid = {7822B526-D49B-46CC-B522-5331A526330A}
	EndGlobalSection
EndGlobal
