
Microsoft Visual Studio Solution File, Format Version 12.00
# Visual Studio Version 16
VisualStudioVersion = 16.0.30413.136
MinimumVisualStudioVersion = 10.0.40219.1
Project("{FAE04EC0-301F-11D3-BF4B-00C04F79EFBC}") = "AppendA", "AppendA.csproj", "{5FCA7E57-F7FF-4492-ACA4-8D1CD849FC8A}"
EndProject
Global
	GlobalSection(SolutionConfigurationPlatforms) = preSolution
		Debug|Any CPU = Debug|Any CPU
		Release|Any CPU = Release|Any CPU
	EndGlobalSection
	GlobalSection(ProjectConfigurationPlatforms) = postSolution
		{5FCA7E57-F7FF-4492-ACA4-8D1CD849FC8A}.Debug|Any CPU.ActiveCfg = Debug|Any CPU
		{5FCA7E57-F7FF-4492-ACA4-8D1CD849FC8A}.Debug|Any CPU.Build.0 = Debug|Any CPU
		{5FCA7E57-F7FF-4492-ACA4-8D1CD849FC8A}.Release|Any CPU.ActiveCfg = Release|Any CPU
		{5FCA7E57-F7FF-4492-ACA4-8D1CD849FC8A}.Release|Any CPU.Build.0 = Release|Any CPU
	EndGlobalSection
	GlobalSection(SolutionProperties) = preSolution
		HideSolutionNode = FALSE
	EndGlobalSection
	GlobalSection(ExtensibilityGlobals) = postSolution
		SolutionGuid = {BFE37E18-276B-4870-B3AB-3DFD8120895A}
	EndGlobalSection
EndGlobal
