
Microsoft Visual Studio Solution File, Format Version 12.00
# Visual Studio Version 16
VisualStudioVersion = 16.0.30413.136
MinimumVisualStudioVersion = 10.0.40219.1
Project("{FAE04EC0-301F-11D3-BF4B-00C04F79EFBC}") = "LinePLay", "LinePLay.csproj", "{F40E3C27-8FFB-429D-A665-F7FA29AF37E6}"
EndProject
Global
	GlobalSection(SolutionConfigurationPlatforms) = preSolution
		Debug|Any CPU = Debug|Any CPU
		Release|Any CPU = Release|Any CPU
	EndGlobalSection
	GlobalSection(ProjectConfigurationPlatforms) = postSolution
		{F40E3C27-8FFB-429D-A665-F7FA29AF37E6}.Debug|Any CPU.ActiveCfg = Debug|Any CPU
		{F40E3C27-8FFB-429D-A665-F7FA29AF37E6}.Debug|Any CPU.Build.0 = Debug|Any CPU
		{F40E3C27-8FFB-429D-A665-F7FA29AF37E6}.Release|Any CPU.ActiveCfg = Release|Any CPU
		{F40E3C27-8FFB-429D-A665-F7FA29AF37E6}.Release|Any CPU.Build.0 = Release|Any CPU
	EndGlobalSection
	GlobalSection(SolutionProperties) = preSolution
		HideSolutionNode = FALSE
	EndGlobalSection
	GlobalSection(ExtensibilityGlobals) = postSolution
		SolutionGuid = {10FBB39C-4286-4F00-B35C-749238B3F253}
	EndGlobalSection
EndGlobal
