
Microsoft Visual Studio Solution File, Format Version 12.00
# Visual Studio Version 16
VisualStudioVersion = 16.0.30413.136
MinimumVisualStudioVersion = 10.0.40219.1
Project("{FAE04EC0-301F-11D3-BF4B-00C04F79EFBC}") = "DrawDiagonals", "DrawDiagonals.csproj", "{B9E774D1-E97A-41C9-9E27-72824CE6F387}"
EndProject
Global
	GlobalSection(SolutionConfigurationPlatforms) = preSolution
		Debug|Any CPU = Debug|Any CPU
		Release|Any CPU = Release|Any CPU
	EndGlobalSection
	GlobalSection(ProjectConfigurationPlatforms) = postSolution
		{B9E774D1-E97A-41C9-9E27-72824CE6F387}.Debug|Any CPU.ActiveCfg = Debug|Any CPU
		{B9E774D1-E97A-41C9-9E27-72824CE6F387}.Debug|Any CPU.Build.0 = Debug|Any CPU
		{B9E774D1-E97A-41C9-9E27-72824CE6F387}.Release|Any CPU.ActiveCfg = Release|Any CPU
		{B9E774D1-E97A-41C9-9E27-72824CE6F387}.Release|Any CPU.Build.0 = Release|Any CPU
	EndGlobalSection
	GlobalSection(SolutionProperties) = preSolution
		HideSolutionNode = FALSE
	EndGlobalSection
	GlobalSection(ExtensibilityGlobals) = postSolution
		SolutionGuid = {9FEE649C-C32F-4850-AC9E-717F8CD9A023}
	EndGlobalSection
EndGlobal
