
Microsoft Visual Studio Solution File, Format Version 12.00
# Visual Studio Version 16
VisualStudioVersion = 16.0.30413.136
MinimumVisualStudioVersion = 10.0.40219.1
Project("{FAE04EC0-301F-11D3-BF4B-00C04F79EFBC}") = "sierpinsky", "sierpinsky.csproj", "{21BC0376-64BC-4210-90D5-C97130979F30}"
EndProject
Global
	GlobalSection(SolutionConfigurationPlatforms) = preSolution
		Debug|Any CPU = Debug|Any CPU
		Release|Any CPU = Release|Any CPU
	EndGlobalSection
	GlobalSection(ProjectConfigurationPlatforms) = postSolution
		{21BC0376-64BC-4210-90D5-C97130979F30}.Debug|Any CPU.ActiveCfg = Debug|Any CPU
		{21BC0376-64BC-4210-90D5-C97130979F30}.Debug|Any CPU.Build.0 = Debug|Any CPU
		{21BC0376-64BC-4210-90D5-C97130979F30}.Release|Any CPU.ActiveCfg = Release|Any CPU
		{21BC0376-64BC-4210-90D5-C97130979F30}.Release|Any CPU.Build.0 = Release|Any CPU
	EndGlobalSection
	GlobalSection(SolutionProperties) = preSolution
		HideSolutionNode = FALSE
	EndGlobalSection
	GlobalSection(ExtensibilityGlobals) = postSolution
		SolutionGuid = {3FF780E6-1769-4341-A035-32E46FCFCF78}
	EndGlobalSection
EndGlobal
