
Microsoft Visual Studio Solution File, Format Version 12.00
# Visual Studio Version 16
VisualStudioVersion = 16.0.30413.136
MinimumVisualStudioVersion = 10.0.40219.1
Project("{FAE04EC0-301F-11D3-BF4B-00C04F79EFBC}") = "ListInstruction1", "ListInstruction1.csproj", "{617A238A-5238-4882-99EB-A2A30CCC1607}"
EndProject
Global
	GlobalSection(SolutionConfigurationPlatforms) = preSolution
		Debug|Any CPU = Debug|Any CPU
		Release|Any CPU = Release|Any CPU
	EndGlobalSection
	GlobalSection(ProjectConfigurationPlatforms) = postSolution
		{617A238A-5238-4882-99EB-A2A30CCC1607}.Debug|Any CPU.ActiveCfg = Debug|Any CPU
		{617A238A-5238-4882-99EB-A2A30CCC1607}.Debug|Any CPU.Build.0 = Debug|Any CPU
		{617A238A-5238-4882-99EB-A2A30CCC1607}.Release|Any CPU.ActiveCfg = Release|Any CPU
		{617A238A-5238-4882-99EB-A2A30CCC1607}.Release|Any CPU.Build.0 = Release|Any CPU
	EndGlobalSection
	GlobalSection(SolutionProperties) = preSolution
		HideSolutionNode = FALSE
	EndGlobalSection
	GlobalSection(ExtensibilityGlobals) = postSolution
		SolutionGuid = {12DFE0F6-05B0-4013-BD46-79A9B9D007FF}
	EndGlobalSection
EndGlobal
