
Microsoft Visual Studio Solution File, Format Version 12.00
# Visual Studio Version 16
VisualStudioVersion = 16.0.30413.136
MinimumVisualStudioVersion = 10.0.40219.1
Project("{FAE04EC0-301F-11D3-BF4B-00C04F79EFBC}") = "RedditApp", "RedditApp.csproj", "{C60EF1D4-912D-4FA0-A290-7E70479F4BF8}"
EndProject
Global
	GlobalSection(SolutionConfigurationPlatforms) = preSolution
		Debug|Any CPU = Debug|Any CPU
		Release|Any CPU = Release|Any CPU
	EndGlobalSection
	GlobalSection(ProjectConfigurationPlatforms) = postSolution
		{C60EF1D4-912D-4FA0-A290-7E70479F4BF8}.Debug|Any CPU.ActiveCfg = Debug|Any CPU
		{C60EF1D4-912D-4FA0-A290-7E70479F4BF8}.Debug|Any CPU.Build.0 = Debug|Any CPU
		{C60EF1D4-912D-4FA0-A290-7E70479F4BF8}.Release|Any CPU.ActiveCfg = Release|Any CPU
		{C60EF1D4-912D-4FA0-A290-7E70479F4BF8}.Release|Any CPU.Build.0 = Release|Any CPU
	EndGlobalSection
	GlobalSection(SolutionProperties) = preSolution
		HideSolutionNode = FALSE
	EndGlobalSection
	GlobalSection(ExtensibilityGlobals) = postSolution
		SolutionGuid = {C79B4715-54B2-4636-BBA0-FBD734B6EA01}
	EndGlobalSection
EndGlobal
