
Microsoft Visual Studio Solution File, Format Version 12.00
# Visual Studio Version 16
VisualStudioVersion = 16.0.30413.136
MinimumVisualStudioVersion = 10.0.40219.1
Project("{FAE04EC0-301F-11D3-BF4B-00C04F79EFBC}") = "VariableMutation", "VariableMutation.csproj", "{F26DFF25-5DF3-4E6E-84C0-9D0C4250BD46}"
EndProject
Global
	GlobalSection(SolutionConfigurationPlatforms) = preSolution
		Debug|Any CPU = Debug|Any CPU
		Release|Any CPU = Release|Any CPU
	EndGlobalSection
	GlobalSection(ProjectConfigurationPlatforms) = postSolution
		{F26DFF25-5DF3-4E6E-84C0-9D0C4250BD46}.Debug|Any CPU.ActiveCfg = Debug|Any CPU
		{F26DFF25-5DF3-4E6E-84C0-9D0C4250BD46}.Debug|Any CPU.Build.0 = Debug|Any CPU
		{F26DFF25-5DF3-4E6E-84C0-9D0C4250BD46}.Release|Any CPU.ActiveCfg = Release|Any CPU
		{F26DFF25-5DF3-4E6E-84C0-9D0C4250BD46}.Release|Any CPU.Build.0 = Release|Any CPU
	EndGlobalSection
	GlobalSection(SolutionProperties) = preSolution
		HideSolutionNode = FALSE
	EndGlobalSection
	GlobalSection(ExtensibilityGlobals) = postSolution
		SolutionGuid = {E907A91E-5CBC-4CE5-BB4F-E6AE437E7D7C}
	EndGlobalSection
EndGlobal
