
Microsoft Visual Studio Solution File, Format Version 12.00
# Visual Studio Version 16
VisualStudioVersion = 16.0.30413.136
MinimumVisualStudioVersion = 10.0.40219.1
Project("{FAE04EC0-301F-11D3-BF4B-00C04F79EFBC}") = "IncrementElement", "IncrementElement.csproj", "{49C8476F-6026-455C-8FB2-63BE6D60C7B0}"
EndProject
Global
	GlobalSection(SolutionConfigurationPlatforms) = preSolution
		Debug|Any CPU = Debug|Any CPU
		Release|Any CPU = Release|Any CPU
	EndGlobalSection
	GlobalSection(ProjectConfigurationPlatforms) = postSolution
		{49C8476F-6026-455C-8FB2-63BE6D60C7B0}.Debug|Any CPU.ActiveCfg = Debug|Any CPU
		{49C8476F-6026-455C-8FB2-63BE6D60C7B0}.Debug|Any CPU.Build.0 = Debug|Any CPU
		{49C8476F-6026-455C-8FB2-63BE6D60C7B0}.Release|Any CPU.ActiveCfg = Release|Any CPU
		{49C8476F-6026-455C-8FB2-63BE6D60C7B0}.Release|Any CPU.Build.0 = Release|Any CPU
	EndGlobalSection
	GlobalSection(SolutionProperties) = preSolution
		HideSolutionNode = FALSE
	EndGlobalSection
	GlobalSection(ExtensibilityGlobals) = postSolution
		SolutionGuid = {5CFE3A47-29CE-49DB-B510-F8E1743229BE}
	EndGlobalSection
EndGlobal
