
Microsoft Visual Studio Solution File, Format Version 12.00
# Visual Studio Version 16
VisualStudioVersion = 16.0.30413.136
MinimumVisualStudioVersion = 10.0.40219.1
Project("{FAE04EC0-301F-11D3-BF4B-00C04F79EFBC}") = "MultiplicationTable", "MultiplicationTable.csproj", "{145E93A5-08C8-449B-9DD4-194368EF483F}"
EndProject
Global
	GlobalSection(SolutionConfigurationPlatforms) = preSolution
		Debug|Any CPU = Debug|Any CPU
		Release|Any CPU = Release|Any CPU
	EndGlobalSection
	GlobalSection(ProjectConfigurationPlatforms) = postSolution
		{145E93A5-08C8-449B-9DD4-194368EF483F}.Debug|Any CPU.ActiveCfg = Debug|Any CPU
		{145E93A5-08C8-449B-9DD4-194368EF483F}.Debug|Any CPU.Build.0 = Debug|Any CPU
		{145E93A5-08C8-449B-9DD4-194368EF483F}.Release|Any CPU.ActiveCfg = Release|Any CPU
		{145E93A5-08C8-449B-9DD4-194368EF483F}.Release|Any CPU.Build.0 = Release|Any CPU
	EndGlobalSection
	GlobalSection(SolutionProperties) = preSolution
		HideSolutionNode = FALSE
	EndGlobalSection
	GlobalSection(ExtensibilityGlobals) = postSolution
		SolutionGuid = {095072A1-0B4D-474E-9E37-0F51153981F3}
	EndGlobalSection
EndGlobal
