
Microsoft Visual Studio Solution File, Format Version 12.00
# Visual Studio Version 16
VisualStudioVersion = 16.0.30413.136
MinimumVisualStudioVersion = 10.0.40219.1
Project("{FAE04EC0-301F-11D3-BF4B-00C04F79EFBC}") = "AverageOfInput", "AverageOfInput.csproj", "{209AB393-C626-410C-B232-4F6BB10AD9CB}"
EndProject
Global
	GlobalSection(SolutionConfigurationPlatforms) = preSolution
		Debug|Any CPU = Debug|Any CPU
		Release|Any CPU = Release|Any CPU
	EndGlobalSection
	GlobalSection(ProjectConfigurationPlatforms) = postSolution
		{209AB393-C626-410C-B232-4F6BB10AD9CB}.Debug|Any CPU.ActiveCfg = Debug|Any CPU
		{209AB393-C626-410C-B232-4F6BB10AD9CB}.Debug|Any CPU.Build.0 = Debug|Any CPU
		{209AB393-C626-410C-B232-4F6BB10AD9CB}.Release|Any CPU.ActiveCfg = Release|Any CPU
		{209AB393-C626-410C-B232-4F6BB10AD9CB}.Release|Any CPU.Build.0 = Release|Any CPU
	EndGlobalSection
	GlobalSection(SolutionProperties) = preSolution
		HideSolutionNode = FALSE
	EndGlobalSection
	GlobalSection(ExtensibilityGlobals) = postSolution
		SolutionGuid = {BE2D7C82-2122-4460-AF3E-62D255ACD2BB}
	EndGlobalSection
EndGlobal
