
Microsoft Visual Studio Solution File, Format Version 12.00
# Visual Studio Version 16
VisualStudioVersion = 16.0.30413.136
MinimumVisualStudioVersion = 10.0.40219.1
Project("{FAE04EC0-301F-11D3-BF4B-00C04F79EFBC}") = "AircraftCarrier", "AircraftCarrier.csproj", "{84481DC5-95E1-4AF0-9886-69F7E09F38C5}"
EndProject
Global
	GlobalSection(SolutionConfigurationPlatforms) = preSolution
		Debug|Any CPU = Debug|Any CPU
		Release|Any CPU = Release|Any CPU
	EndGlobalSection
	GlobalSection(ProjectConfigurationPlatforms) = postSolution
		{84481DC5-95E1-4AF0-9886-69F7E09F38C5}.Debug|Any CPU.ActiveCfg = Debug|Any CPU
		{84481DC5-95E1-4AF0-9886-69F7E09F38C5}.Debug|Any CPU.Build.0 = Debug|Any CPU
		{84481DC5-95E1-4AF0-9886-69F7E09F38C5}.Release|Any CPU.ActiveCfg = Release|Any CPU
		{84481DC5-95E1-4AF0-9886-69F7E09F38C5}.Release|Any CPU.Build.0 = Release|Any CPU
	EndGlobalSection
	GlobalSection(SolutionProperties) = preSolution
		HideSolutionNode = FALSE
	EndGlobalSection
	GlobalSection(ExtensibilityGlobals) = postSolution
		SolutionGuid = {CFEE7058-5A12-4FF2-8BE6-6E27927ADDF0}
	EndGlobalSection
EndGlobal
