
Microsoft Visual Studio Solution File, Format Version 12.00
# Visual Studio Version 16
VisualStudioVersion = 16.0.30413.136
MinimumVisualStudioVersion = 10.0.40219.1
Project("{FAE04EC0-301F-11D3-BF4B-00C04F79EFBC}") = "ChangeElement", "ChangeElement.csproj", "{0CF17620-3C6D-4CA6-95B7-0F6690A80346}"
EndProject
Global
	GlobalSection(SolutionConfigurationPlatforms) = preSolution
		Debug|Any CPU = Debug|Any CPU
		Release|Any CPU = Release|Any CPU
	EndGlobalSection
	GlobalSection(ProjectConfigurationPlatforms) = postSolution
		{0CF17620-3C6D-4CA6-95B7-0F6690A80346}.Debug|Any CPU.ActiveCfg = Debug|Any CPU
		{0CF17620-3C6D-4CA6-95B7-0F6690A80346}.Debug|Any CPU.Build.0 = Debug|Any CPU
		{0CF17620-3C6D-4CA6-95B7-0F6690A80346}.Release|Any CPU.ActiveCfg = Release|Any CPU
		{0CF17620-3C6D-4CA6-95B7-0F6690A80346}.Release|Any CPU.Build.0 = Release|Any CPU
	EndGlobalSection
	GlobalSection(SolutionProperties) = preSolution
		HideSolutionNode = FALSE
	EndGlobalSection
	GlobalSection(ExtensibilityGlobals) = postSolution
		SolutionGuid = {4229177E-968E-4354-9291-90DD3D0DAACD}
	EndGlobalSection
EndGlobal
