
Microsoft Visual Studio Solution File, Format Version 12.00
# Visual Studio Version 16
VisualStudioVersion = 16.0.30413.136
MinimumVisualStudioVersion = 10.0.40219.1
Project("{FAE04EC0-301F-11D3-BF4B-00C04F79EFBC}") = "OddEven", "OddEven.csproj", "{ABC2CB6F-18FB-4CAE-A6B5-C6B17A3BF581}"
EndProject
Global
	GlobalSection(SolutionConfigurationPlatforms) = preSolution
		Debug|Any CPU = Debug|Any CPU
		Release|Any CPU = Release|Any CPU
	EndGlobalSection
	GlobalSection(ProjectConfigurationPlatforms) = postSolution
		{ABC2CB6F-18FB-4CAE-A6B5-C6B17A3BF581}.Debug|Any CPU.ActiveCfg = Debug|Any CPU
		{ABC2CB6F-18FB-4CAE-A6B5-C6B17A3BF581}.Debug|Any CPU.Build.0 = Debug|Any CPU
		{ABC2CB6F-18FB-4CAE-A6B5-C6B17A3BF581}.Release|Any CPU.ActiveCfg = Release|Any CPU
		{ABC2CB6F-18FB-4CAE-A6B5-C6B17A3BF581}.Release|Any CPU.Build.0 = Release|Any CPU
	EndGlobalSection
	GlobalSection(SolutionProperties) = preSolution
		HideSolutionNode = FALSE
	EndGlobalSection
	GlobalSection(ExtensibilityGlobals) = postSolution
		SolutionGuid = {265D5BAA-68E2-4558-A943-C02F4CEC65A3}
	EndGlobalSection
EndGlobal
