
Microsoft Visual Studio Solution File, Format Version 12.00
# Visual Studio Version 16
VisualStudioVersion = 16.0.30413.136
MinimumVisualStudioVersion = 10.0.40219.1
Project("{FAE04EC0-301F-11D3-BF4B-00C04F79EFBC}") = "Doubling", "Doubling.csproj", "{6BFF39F9-25D9-4981-A567-FB76BC62BE42}"
EndProject
Global
	GlobalSection(SolutionConfigurationPlatforms) = preSolution
		Debug|Any CPU = Debug|Any CPU
		Release|Any CPU = Release|Any CPU
	EndGlobalSection
	GlobalSection(ProjectConfigurationPlatforms) = postSolution
		{6BFF39F9-25D9-4981-A567-FB76BC62BE42}.Debug|Any CPU.ActiveCfg = Debug|Any CPU
		{6BFF39F9-25D9-4981-A567-FB76BC62BE42}.Debug|Any CPU.Build.0 = Debug|Any CPU
		{6BFF39F9-25D9-4981-A567-FB76BC62BE42}.Release|Any CPU.ActiveCfg = Release|Any CPU
		{6BFF39F9-25D9-4981-A567-FB76BC62BE42}.Release|Any CPU.Build.0 = Release|Any CPU
	EndGlobalSection
	GlobalSection(SolutionProperties) = preSolution
		HideSolutionNode = FALSE
	EndGlobalSection
	GlobalSection(ExtensibilityGlobals) = postSolution
		SolutionGuid = {598FBB57-08C0-42ED-8BC4-F16AC144F699}
	EndGlobalSection
EndGlobal
