
Microsoft Visual Studio Solution File, Format Version 12.00
# Visual Studio Version 16
VisualStudioVersion = 16.0.30413.136
MinimumVisualStudioVersion = 10.0.40219.1
Project("{FAE04EC0-301F-11D3-BF4B-00C04F79EFBC}") = "Arrays", "Arrays.csproj", "{16FC68DC-CC10-4562-8DC1-0A6EC2C640AA}"
EndProject
Global
	GlobalSection(SolutionConfigurationPlatforms) = preSolution
		Debug|Any CPU = Debug|Any CPU
		Release|Any CPU = Release|Any CPU
	EndGlobalSection
	GlobalSection(ProjectConfigurationPlatforms) = postSolution
		{16FC68DC-CC10-4562-8DC1-0A6EC2C640AA}.Debug|Any CPU.ActiveCfg = Debug|Any CPU
		{16FC68DC-CC10-4562-8DC1-0A6EC2C640AA}.Debug|Any CPU.Build.0 = Debug|Any CPU
		{16FC68DC-CC10-4562-8DC1-0A6EC2C640AA}.Release|Any CPU.ActiveCfg = Release|Any CPU
		{16FC68DC-CC10-4562-8DC1-0A6EC2C640AA}.Release|Any CPU.Build.0 = Release|Any CPU
	EndGlobalSection
	GlobalSection(SolutionProperties) = preSolution
		HideSolutionNode = FALSE
	EndGlobalSection
	GlobalSection(ExtensibilityGlobals) = postSolution
		SolutionGuid = {4010671B-E385-42FC-999A-F53C11D1899B}
	EndGlobalSection
EndGlobal
