
Microsoft Visual Studio Solution File, Format Version 12.00
# Visual Studio Version 16
VisualStudioVersion = 16.0.30413.136
MinimumVisualStudioVersion = 10.0.40219.1
Project("{FAE04EC0-301F-11D3-BF4B-00C04F79EFBC}") = "Animals", "Animals.csproj", "{3D22F4BA-B632-4331-A75D-3F16634D4FB2}"
EndProject
Global
	GlobalSection(SolutionConfigurationPlatforms) = preSolution
		Debug|Any CPU = Debug|Any CPU
		Release|Any CPU = Release|Any CPU
	EndGlobalSection
	GlobalSection(ProjectConfigurationPlatforms) = postSolution
		{3D22F4BA-B632-4331-A75D-3F16634D4FB2}.Debug|Any CPU.ActiveCfg = Debug|Any CPU
		{3D22F4BA-B632-4331-A75D-3F16634D4FB2}.Debug|Any CPU.Build.0 = Debug|Any CPU
		{3D22F4BA-B632-4331-A75D-3F16634D4FB2}.Release|Any CPU.ActiveCfg = Release|Any CPU
		{3D22F4BA-B632-4331-A75D-3F16634D4FB2}.Release|Any CPU.Build.0 = Release|Any CPU
	EndGlobalSection
	GlobalSection(SolutionProperties) = preSolution
		HideSolutionNode = FALSE
	EndGlobalSection
	GlobalSection(ExtensibilityGlobals) = postSolution
		SolutionGuid = {6E0324E4-D79F-4E4D-A60A-737D59FD5857}
	EndGlobalSection
EndGlobal
