
Microsoft Visual Studio Solution File, Format Version 12.00
# Visual Studio Version 16
VisualStudioVersion = 16.0.30413.136
MinimumVisualStudioVersion = 10.0.40219.1
Project("{FAE04EC0-301F-11D3-BF4B-00C04F79EFBC}") = "MileToKm", "MileToKm.csproj", "{650640C6-515E-4E2A-915F-EC1A9753BC8D}"
EndProject
Global
	GlobalSection(SolutionConfigurationPlatforms) = preSolution
		Debug|Any CPU = Debug|Any CPU
		Release|Any CPU = Release|Any CPU
	EndGlobalSection
	GlobalSection(ProjectConfigurationPlatforms) = postSolution
		{650640C6-515E-4E2A-915F-EC1A9753BC8D}.Debug|Any CPU.ActiveCfg = Debug|Any CPU
		{650640C6-515E-4E2A-915F-EC1A9753BC8D}.Debug|Any CPU.Build.0 = Debug|Any CPU
		{650640C6-515E-4E2A-915F-EC1A9753BC8D}.Release|Any CPU.ActiveCfg = Release|Any CPU
		{650640C6-515E-4E2A-915F-EC1A9753BC8D}.Release|Any CPU.Build.0 = Release|Any CPU
	EndGlobalSection
	GlobalSection(SolutionProperties) = preSolution
		HideSolutionNode = FALSE
	EndGlobalSection
	GlobalSection(ExtensibilityGlobals) = postSolution
		SolutionGuid = {ADAD3490-8E6F-42A3-ADA3-0BF7622FF745}
	EndGlobalSection
EndGlobal
