
Microsoft Visual Studio Solution File, Format Version 12.00
# Visual Studio Version 16
VisualStudioVersion = 16.0.30413.136
MinimumVisualStudioVersion = 10.0.40219.1
Project("{FAE04EC0-301F-11D3-BF4B-00C04F79EFBC}") = "EnvelopeStar", "EnvelopeStar.csproj", "{919C9048-F91A-49ED-902E-7712F0854E53}"
EndProject
Global
	GlobalSection(SolutionConfigurationPlatforms) = preSolution
		Debug|Any CPU = Debug|Any CPU
		Release|Any CPU = Release|Any CPU
	EndGlobalSection
	GlobalSection(ProjectConfigurationPlatforms) = postSolution
		{919C9048-F91A-49ED-902E-7712F0854E53}.Debug|Any CPU.ActiveCfg = Debug|Any CPU
		{919C9048-F91A-49ED-902E-7712F0854E53}.Debug|Any CPU.Build.0 = Debug|Any CPU
		{919C9048-F91A-49ED-902E-7712F0854E53}.Release|Any CPU.ActiveCfg = Release|Any CPU
		{919C9048-F91A-49ED-902E-7712F0854E53}.Release|Any CPU.Build.0 = Release|Any CPU
	EndGlobalSection
	GlobalSection(SolutionProperties) = preSolution
		HideSolutionNode = FALSE
	EndGlobalSection
	GlobalSection(ExtensibilityGlobals) = postSolution
		SolutionGuid = {18DE5519-5F95-4FA6-9A2B-B4B6C600284F}
	EndGlobalSection
EndGlobal
